
Microsoft Visual Studio Solution File, Format Version 12.00
# Visual Studio 15
Project("{FAE04EC0-301F-11D3-BF4B-00C04F79EFBC}") = "Assembly-CSharp", "Assembly-CSharp.csproj", "{079D9077-E57B-B98D-02BB-F768F48F2620}"
EndProject
Global
	GlobalSection(SolutionConfigurationPlatforms) = preSolution
		Debug|Any CPU = Debug|Any CPU
		Release|Any CPU = Release|Any CPU
	EndGlobalSection
	GlobalSection(ProjectConfigurationPlatforms) = postSolution
		{079D9077-E57B-B98D-02BB-F768F48F2620}.Debug|Any CPU.ActiveCfg = Debug|Any CPU
		{079D9077-E57B-B98D-02BB-F768F48F2620}.Debug|Any CPU.Build.0 = Debug|Any CPU
		{079D9077-E57B-B98D-02BB-F768F48F2620}.Release|Any CPU.ActiveCfg = Release|Any CPU
		{079D9077-E57B-B98D-02BB-F768F48F2620}.Release|Any CPU.Build.0 = Release|Any CPU
	EndGlobalSection
	GlobalSection(SolutionProperties) = preSolution
		HideSolutionNode = FALSE
	EndGlobalSection
EndGlobal
